Microsoft Visual Studio Solution File, Format Version 12.00
# Visual Studio Version 17
VisualStudioVersion = 17.5.2.0
MinimumVisualStudioVersion = 10.0.40219.1
Project("{FAE04EC0-301F-11D3-BF4B-00C04F79EFBC}") = "Sparky", "Sparky.csproj", "{7C065987-409C-F6DA-72D2-E494F18007C3}"
EndProject
Global
	GlobalSection(SolutionConfigurationPlatforms) = preSolution
		Debug|Any CPU = Debug|Any CPU
		Release|Any CPU = Release|Any CPU
	EndGlobalSection
	GlobalSection(ProjectConfigurationPlatforms) = postSolution
		{7C065987-409C-F6DA-72D2-E494F18007C3}.Debug|Any CPU.ActiveCfg = Debug|Any CPU
		{7C065987-409C-F6DA-72D2-E494F18007C3}.Debug|Any CPU.Build.0 = Debug|Any CPU
		{7C065987-409C-F6DA-72D2-E494F18007C3}.Release|Any CPU.ActiveCfg = Release|Any CPU
		{7C065987-409C-F6DA-72D2-E494F18007C3}.Release|Any CPU.Build.0 = Release|Any CPU
	EndGlobalSection
	GlobalSection(SolutionProperties) = preSolution
		HideSolutionNode = FALSE
	EndGlobalSection
	GlobalSection(ExtensibilityGlobals) = postSolution
		SolutionGuid = {D08A4E01-0A62-4388-9C6B-EB2B54A8925D}
	EndGlobalSection
EndGlobal
